
Microsoft Visual Studio Solution File, Format Version 12.00
# Visual Studio Version 17
VisualStudioVersion = 17.3.32929.385
MinimumVisualStudioVersion = 10.0.40219.1
Project("{FAE04EC0-301F-11D3-BF4B-00C04F79EFBC}") = "ConsoleApp8", "ConsoleApp8\ConsoleApp8.csproj", "{B505C61E-A966-41B7-836C-A051214A1CEA}"
EndProject
Global
	GlobalSection(SolutionConfigurationPlatforms) = preSolution
		Debug|Any CPU = Debug|Any CPU
		Release|Any CPU = Release|Any CPU
	EndGlobalSection
	GlobalSection(ProjectConfigurationPlatforms) = postSolution
		{B505C61E-A966-41B7-836C-A051214A1CEA}.Debug|Any CPU.ActiveCfg = Debug|Any CPU
		{B505C61E-A966-41B7-836C-A051214A1CEA}.Debug|Any CPU.Build.0 = Debug|Any CPU
		{B505C61E-A966-41B7-836C-A051214A1CEA}.Release|Any CPU.ActiveCfg = Release|Any CPU
		{B505C61E-A966-41B7-836C-A051214A1CEA}.Release|Any CPU.Build.0 = Release|Any CPU
	EndGlobalSection
	GlobalSection(SolutionProperties) = preSolution
		HideSolutionNode = FALSE
	EndGlobalSection
	GlobalSection(ExtensibilityGlobals) = postSolution
		SolutionGuid = {C1190561-087A-4C7F-BF80-8FE53733450C}
	EndGlobalSection
EndGlobal
